// !$*UTF8*$!
{
	archiveVersion = 1;
	classes = {
	};
	objectVersion = 48;
	objects = {

/* Begin PBXBuildFile section */
		4D75A4DF2018352600775C60 /* AppDelegate.swift in Sources */ = {isa = PBXBuildFile; fileRef = 4D75A4DE2018352600775C60 /* AppDelegate.swift */; };
		4D75A4E12018352600775C60 /* ViewController.swift in Sources */ = {isa = PBXBuildFile; fileRef = 4D75A4E02018352600775C60 /* ViewController.swift */; };
		4D75A4E42018352600775C60 /* Main.storyboard in Resources */ = {isa = PBXBuildFile; fileRef = 4D75A4E22018352600775C60 /* Main.storyboard */; };
		4D75A4E62018352600775C60 /* Assets.xcassets in Resources */ = {isa = PBXBuildFile; fileRef = 4D75A4E52018352600775C60 /* Assets.xcassets */; };
		4D75A4E92018352600775C60 /* LaunchScreen.storyboard in Resources */ = {isa = PBXBuildFile; fileRef = 4D75A4E72018352600775C60 /* LaunchScreen.storyboard */; };
		4D75A4F42018352600775C60 /* ZVActivityIndicatorViewExampleUITests.swift in Sources */ = {isa = PBXBuildFile; fileRef = 4D75A4F32018352600775C60 /* ZVActivityIndicatorViewExampleUITests.swift */; };
		4D75A5042018355C00775C60 /* ZVActivityIndicatorView.framework in Frameworks */ = {isa = PBXBuildFile; fileRef = 4D75A5032018353C00775C60 /* ZVActivityIndicatorView.framework */; };
		4D75A5052018355C00775C60 /* ZVActivityIndicatorView.framework in Embed Frameworks */ = {isa = PBXBuildFile; fileRef = 4D75A5032018353C00775C60 /* ZVActivityIndicatorView.framework */; settings = {ATTRIBUTES = (CodeSignOnCopy, RemoveHeadersOnCopy, ); }; };
/* End PBXBuildFile section */

/* Begin PBXContainerItemProxy section */
		4D75A4F02018352600775C60 /* PBXContainerItemProxy */ = {
			isa = PBXContainerItemProxy;
			containerPortal = 4D75A4D32018352600775C60 /* Project object */;
			proxyType = 1;
			remoteGlobalIDString = 4D75A4DA2018352600775C60;
			remoteInfo = ZVActivityIndicatorViewExample;
		};
		4D75A5022018353C00775C60 /* PBXContainerItemProxy */ = {
			isa = PBXContainerItemProxy;
			containerPortal = 4D75A4FE2018353C00775C60 /* ZVActivityIndicatorView.xcodeproj */;
			proxyType = 2;
			remoteGlobalIDString = 4D75A4C5201833AE00775C60;
			remoteInfo = ZVActivityIndicatorView;
		};
		4D75A5062018355C00775C60 /* PBXContainerItemProxy */ = {
			isa = PBXContainerItemProxy;
			containerPortal = 4D75A4FE2018353C00775C60 /* ZVActivityIndicatorView.xcodeproj */;
			proxyType = 1;
			remoteGlobalIDString = 4D75A4C4201833AE00775C60;
			remoteInfo = ZVActivityIndicatorView;
		};
/* End PBXContainerItemProxy section */

/* Begin PBXCopyFilesBuildPhase section */
		4D75A5082018355C00775C60 /* Embed Frameworks */ = {
			isa = PBXCopyFilesBuildPhase;
			buildActionMask = 2147483647;
			dstPath = "";
			dstSubfolderSpec = 10;
			files = (
				4D75A5052018355C00775C60 /* ZVActivityIndicatorView.framework in Embed Frameworks */,
			);
			name = "Embed Frameworks";
			runOnlyForDeploymentPostprocessing = 0;
		};
/* End PBXCopyFilesBuildPhase section */

/* Begin PBXFileReference section */
		4D75A4DB2018352600775C60 /* ZVActivityIndicatorViewExample.app */ = {isa = PBXFileReference; explicitFileType = wrapper.application; includeInIndex = 0; path = ZVActivityIndicatorViewExample.app; sourceTree = BUILT_PRODUCTS_DIR; };
		4D75A4DE2018352600775C60 /* AppDelegate.swift */ = {isa = PBXFileReference; lastKnownFileType = sourcecode.swift; path = AppDelegate.swift; sourceTree = "<group>"; };
		4D75A4E02018352600775C60 /* ViewController.swift */ = {isa = PBXFileReference; lastKnownFileType = sourcecode.swift; path = ViewController.swift; sourceTree = "<group>"; };
		4D75A4E32018352600775C60 /* Base */ = {isa = PBXFileReference; lastKnownFileType = file.storyboard; name = Base; path = Base.lproj/Main.storyboard; sourceTree = "<group>"; };
		4D75A4E52018352600775C60 /* Assets.xcassets */ = {isa = PBXFileReference; lastKnownFileType = folder.assetcatalog; path = Assets.xcassets; sourceTree = "<group>"; };
		4D75A4E82018352600775C60 /* Base */ = {isa = PBXFileReference; lastKnownFileType = file.storyboard; name = Base; path = Base.lproj/LaunchScreen.storyboard; sourceTree = "<group>"; };
		4D75A4EA2018352600775C60 /* Info.plist */ = {isa = PBXFileReference; lastKnownFileType = text.plist.xml; path = Info.plist; sourceTree = "<group>"; };
		4D75A4EF2018352600775C60 /* ZVActivityIndicatorViewExampleUITests.xctest */ = {isa = PBXFileReference; explicitFileType = wrapper.cfbundle; includeInIndex = 0; path = ZVActivityIndicatorViewExampleUITests.xctest; sourceTree = BUILT_PRODUCTS_DIR; };
		4D75A4F32018352600775C60 /* ZVActivityIndicatorViewExampleUITests.swift */ = {isa = PBXFileReference; lastKnownFileType = sourcecode.swift; path = ZVActivityIndicatorViewExampleUITests.swift; sourceTree = "<group>"; };
		4D75A4F52018352600775C60 /* Info.plist */ = {isa = PBXFileReference; lastKnownFileType = text.plist.xml; path = Info.plist; sourceTree = "<group>"; };
		4D75A4FE2018353C00775C60 /* ZVActivityIndicatorView.xcodeproj */ = {isa = PBXFileReference; lastKnownFileType = "wrapper.pb-project"; name = ZVActivityIndicatorView.xcodeproj; path = ../../ZVActivityIndicatorView.xcodeproj; sourceTree = "<group>"; };
/* End PBXFileReference section */

/* Begin PBXFrameworksBuildPhase section */
		4D75A4D82018352600775C60 /* Frameworks */ = {
			isa = PBXFrameworksBuildPhase;
			buildActionMask = 2147483647;
			files = (
				4D75A5042018355C00775C60 /* ZVActivityIndicatorView.framework in Frameworks */,
			);
			runOnlyForDeploymentPostprocessing = 0;
		};
		4D75A4EC2018352600775C60 /* Frameworks */ = {
			isa = PBXFrameworksBuildPhase;
			buildActionMask = 2147483647;
			files = (
			);
			runOnlyForDeploymentPostprocessing = 0;
		};
/* End PBXFrameworksBuildPhase section */

/* Begin PBXGroup section */
		4D75A4D22018352600775C60 = {
			isa = PBXGroup;
			children = (
				4D75A4DD2018352600775C60 /* ZVActivityIndicatorViewExample */,
				4D75A4F22018352600775C60 /* ZVActivityIndicatorViewExampleUITests */,
				4D75A4DC2018352600775C60 /* Products */,
			);
			sourceTree = "<group>";
		};
		4D75A4DC2018352600775C60 /* Products */ = {
			isa = PBXGroup;
			children = (
				4D75A4DB2018352600775C60 /* ZVActivityIndicatorViewExample.app */,
				4D75A4EF2018352600775C60 /* ZVActivityIndicatorViewExampleUITests.xctest */,
			);
			name = Products;
			sourceTree = "<group>";
		};
		4D75A4DD2018352600775C60 /* ZVActivityIndicatorViewExample */ = {
			isa = PBXGroup;
			children = (
				4D75A4FE2018353C00775C60 /* ZVActivityIndicatorView.xcodeproj */,
				4D75A4DE2018352600775C60 /* AppDelegate.swift */,
				4D75A4E02018352600775C60 /* ViewController.swift */,
				4D75A4E22018352600775C60 /* Main.storyboard */,
				4D75A4E52018352600775C60 /* Assets.xcassets */,
				4D75A4E72018352600775C60 /* LaunchScreen.storyboard */,
				4D75A4EA2018352600775C60 /* Info.plist */,
			);
			path = ZVActivityIndicatorViewExample;
			sourceTree = "<group>";
		};
		4D75A4F22018352600775C60 /* ZVActivityIndicatorViewExampleUITests */ = {
			isa = PBXGroup;
			children = (
				4D75A4F32018352600775C60 /* ZVActivityIndicatorViewExampleUITests.swift */,
				4D75A4F52018352600775C60 /* Info.plist */,
			);
			path = ZVActivityIndicatorViewExampleUITests;
			sourceTree = "<group>";
		};
		4D75A4FF2018353C00775C60 /* Products */ = {
			isa = PBXGroup;
			children = (
				4D75A5032018353C00775C60 /* ZVActivityIndicatorView.framework */,
			);
			name = Products;
			sourceTree = "<group>";
		};
/* End PBXGroup section */

/* Begin PBXNativeTarget section */
		4D75A4DA2018352600775C60 /* ZVActivityIndicatorViewExample */ = {
			isa = PBXNativeTarget;
			buildConfigurationList = 4D75A4F82018352600775C60 /* Build configuration list for PBXNativeTarget "ZVActivityIndicatorViewExample" */;
			buildPhases = (
				4D75A4D72018352600775C60 /* Sources */,
				4D75A4D82018352600775C60 /* Frameworks */,
				4D75A4D92018352600775C60 /* Resources */,
				4D75A5082018355C00775C60 /* Embed Frameworks */,
			);
			buildRules = (
			);
			dependencies = (
				4D75A5072018355C00775C60 /* PBXTargetDependency */,
			);
			name = ZVActivityIndicatorViewExample;
			productName = ZVActivityIndicatorViewExample;
			productReference = 4D75A4DB2018352600775C60 /* ZVActivityIndicatorViewExample.app */;
			productType = "com.apple.product-type.application";
		};
		4D75A4EE2018352600775C60 /* ZVActivityIndicatorViewExampleUITests */ = {
			isa = PBXNativeTarget;
			buildConfigurationList = 4D75A4FB2018352600775C60 /* Build configuration list for PBXNativeTarget "ZVActivityIndicatorViewExampleUITests" */;
			buildPhases = (
				4D75A4EB2018352600775C60 /* Sources */,
				4D75A4EC2018352600775C60 /* Frameworks */,
				4D75A4ED2018352600775C60 /* Resources */,
			);
			buildRules = (
			);
			dependencies = (
				4D75A4F12018352600775C60 /* PBXTargetDependency */,
			);
			name = ZVActivityIndicatorViewExampleUITests;
			productName = ZVActivityIndicatorViewExampleUITests;
			productReference = 4D75A4EF2018352600775C60 /* ZVActivityIndicatorViewExampleUITests.xctest */;
			productType = "com.apple.product-type.bundle.ui-testing";
		};
/* End PBXNativeTarget section */

/* Begin PBXProject section */
		4D75A4D32018352600775C60 /* Project object */ = {
			isa = PBXProject;
			attributes = {
				LastSwiftUpdateCheck = 0920;
				LastUpgradeCheck = 0920;
				ORGANIZATIONNAME = zevwings;
				TargetAttributes = {
					4D75A4DA2018352600775C60 = {
						CreatedOnToolsVersion = 9.2;
						ProvisioningStyle = Automatic;
					};
					4D75A4EE2018352600775C60 = {
						CreatedOnToolsVersion = 9.2;
						ProvisioningStyle = Automatic;
						TestTargetID = 4D75A4DA2018352600775C60;
					};
				};
			};
			buildConfigurationList = 4D75A4D62018352600775C60 /* Build configuration list for PBXProject "ZVActivityIndicatorViewExample" */;
			compatibilityVersion = "Xcode 8.0";
			developmentRegion = en;
			hasScannedForEncodings = 0;
			knownRegions = (
				en,
				Base,
			);
			mainGroup = 4D75A4D22018352600775C60;
			productRefGroup = 4D75A4DC2018352600775C60 /* Products */;
			projectDirPath = "";
			projectReferences = (
				{
					ProductGroup = 4D75A4FF2018353C00775C60 /* Products */;
					ProjectRef = 4D75A4FE2018353C00775C60 /* ZVActivityIndicatorView.xcodeproj */;
				},
			);
			projectRoot = "";
			targets = (
				4D75A4DA2018352600775C60 /* ZVActivityIndicatorViewExample */,
				4D75A4EE2018352600775C60 /* ZVActivityIndicatorViewExampleUITests */,
			);
		};
/* End PBXProject section */

/* Begin PBXReferenceProxy section */
		4D75A5032018353C00775C60 /* ZVActivityIndicatorView.framework */ = {
			isa = PBXReferenceProxy;
			fileType = wrapper.framework;
			path = ZVActivityIndicatorView.framework;
			remoteRef = 4D75A5022018353C00775C60 /* PBXContainerItemProxy */;
			sourceTree = BUILT_PRODUCTS_DIR;
		};
/* End PBXReferenceProxy section */

/* Begin PBXResourcesBuildPhase section */
		4D75A4D92018352600775C60 /* Resources */ = {
			isa = PBXResourcesBuildPhase;
			buildActionMask = 2147483647;
			files = (
				4D75A4E92018352600775C60 /* LaunchScreen.storyboard in Resources */,
				4D75A4E62018352600775C60 /* Assets.xcassets in Resources */,
				4D75A4E42018352600775C60 /* Main.storyboard in Resources */,
			);
			runOnlyForDeploymentPostprocessing = 0;
		};
		4D75A4ED2018352600775C60 /* Resources */ = {
			isa = PBXResourcesBuildPhase;
			buildActionMask = 2147483647;
			files = (
			);
			runOnlyForDeploymentPostprocessing = 0;
		};
/* End PBXResourcesBuildPhase section */

/* Begin PBXSourcesBuildPhase section */
		4D75A4D72018352600775C60 /* Sources */ = {
			isa = PBXSourcesBuildPhase;
			buildActionMask = 2147483647;
			files = (
				4D75A4E12018352600775C60 /* ViewController.swift in Sources */,
				4D75A4DF2018352600775C60 /* AppDelegate.swift in Sources */,
			);
			runOnlyForDeploymentPostprocessing = 0;
		};
		4D75A4EB2018352600775C60 /* Sources */ = {
			isa = PBXSourcesBuildPhase;
			buildActionMask = 2147483647;
			files = (
				4D75A4F42018352600775C60 /* ZVActivityIndicatorViewExampleUITests.swift in Sources */,
			);
			runOnlyForDeploymentPostprocessing = 0;
		};
/* End PBXSourcesBuildPhase section */

/* Begin PBXTargetDependency section */
		4D75A4F12018352600775C60 /* PBXTargetDependency */ = {
			isa = PBXTargetDependency;
			target = 4D75A4DA2018352600775C60 /* ZVActivityIndicatorViewExample */;
			targetProxy = 4D75A4F02018352600775C60 /* PBXContainerItemProxy */;
		};
		4D75A5072018355C00775C60 /* PBXTargetDependency */ = {
			isa = PBXTargetDependency;
			name = ZVActivityIndicatorView;
			targetProxy = 4D75A5062018355C00775C60 /* PBXContainerItemProxy */;
		};
/* End PBXTargetDependency section */

/* Begin PBXVariantGroup section */
		4D75A4E22018352600775C60 /* Main.storyboard */ = {
			isa = PBXVariantGroup;
			children = (
				4D75A4E32018352600775C60 /* Base */,
			);
			name = Main.storyboard;
			sourceTree = "<group>";
		};
		4D75A4E72018352600775C60 /* LaunchScreen.storyboard */ = {
			isa = PBXVariantGroup;
			children = (
				4D75A4E82018352600775C60 /* Base */,
			);
			name = LaunchScreen.storyboard;
			sourceTree = "<group>";
		};
/* End PBXVariantGroup section */

/* Begin XCBuildConfiguration section */
		4D75A4F62018352600775C60 /* Debug */ = {
			isa = XCBuildConfiguration;
			buildSettings = {
				ALWAYS_SEARCH_USER_PATHS = NO;
				CLANG_ANALYZER_NONNULL = YES;
				CLANG_ANALYZER_NUMBER_OBJECT_CONVERSION = YES_AGGRESSIVE;
				CLANG_CXX_LANGUAGE_STANDARD = "gnu++14";
				CLANG_CXX_LIBRARY = "libc++";
				CLANG_ENABLE_MODULES = YES;
				CLANG_ENABLE_OBJC_ARC = YES;
				CLANG_WARN_BLOCK_CAPTURE_AUTORELEASING = YES;
				CLANG_WARN_BOOL_CONVERSION = YES;
				CLANG_WARN_COMMA = YES;
				CLANG_WARN_CONSTANT_CONVERSION = YES;
				CLANG_WARN_DIRECT_OBJC_ISA_USAGE = YES_ERROR;
				CLANG_WARN_DOCUMENTATION_COMMENTS = YES;
				CLANG_WARN_EMPTY_BODY = YES;
				CLANG_WARN_ENUM_CONVERSION = YES;
				CLANG_WARN_INFINITE_RECURSION = YES;
				CLANG_WARN_INT_CONVERSION = YES;
				CLANG_WARN_NON_LITERAL_NULL_CONVERSION = YES;
				CLANG_WARN_OBJC_LITERAL_CONVERSION = YES;
				CLANG_WARN_OBJC_ROOT_CLASS = YES_ERROR;
				CLANG_WARN_RANGE_LOOP_ANALYSIS = YES;
				CLANG_WARN_STRICT_PROTOTYPES = YES;
				CLANG_WARN_SUSPICIOUS_MOVE = YES;
				CLANG_WARN_UNGUARDED_AVAILABILITY = YES_AGGRESSIVE;
				CLANG_WARN_UNREACHABLE_CODE = YES;
				CLANG_WARN__DUPLICATE_METHOD_MATCH = YES;
				CODE_SIGN_IDENTITY = "iPhone Developer";
				COPY_PHASE_STRIP = NO;
				DEBUG_INFORMATION_FORMAT = dwarf;
				ENABLE_STRICT_OBJC_MSGSEND = YES;
				ENABLE_TESTABILITY = YES;
				GCC_C_LANGUAGE_STANDARD = gnu11;
				GCC_DYNAMIC_NO_PIC = NO;
				GCC_NO_COMMON_BLOCKS = YES;
				GCC_OPTIMIZATION_LEVEL = 0;
				GCC_PREPROCESSOR_DEFINITIONS = (
					"DEBUG=1",
					"$(inherited)",
				);
				GCC_WARN_64_TO_32_BIT_CONVERSION = YES;
				GCC_WARN_ABOUT_RETURN_TYPE = YES_ERROR;
				GCC_WARN_UNDECLARED_SELECTOR = YES;
				GCC_WARN_UNINITIALIZED_AUTOS = YES_AGGRESSIVE;
				GCC_WARN_UNUSED_FUNCTION = YES;
				GCC_WARN_UNUSED_VARIABLE = YES;
				IPHONEOS_DEPLOYMENT_TARGET = 11.2;
				MTL_ENABLE_DEBUG_INFO = YES;
				ONLY_ACTIVE_ARCH = YES;
				SDKROOT = iphoneos;
				SWIFT_ACTIVE_COMPILATION_CONDITIONS = DEBUG;
				SWIFT_OPTIMIZATION_LEVEL = "-Onone";
			};
			name = Debug;
		};
		4D75A4F72018352600775C60 /* Release */ = {
			isa = XCBuildConfiguration;
			buildSettings = {
				ALWAYS_SEARCH_USER_PATHS = NO;
				CLANG_ANALYZER_NONNULL = YES;
				CLANG_ANALYZER_NUMBER_OBJECT_CONVERSION = YES_AGGRESSIVE;
				CLANG_CXX_LANGUAGE_STANDARD = "gnu++14";
				CLANG_CXX_LIBRARY = "libc++";
				CLANG_ENABLE_MODULES = YES;
				CLANG_ENABLE_OBJC_ARC = YES;
				CLANG_WARN_BLOCK_CAPTURE_AUTORELEASING = YES;
				CLANG_WARN_BOOL_CONVERSION = YES;
				CLANG_WARN_COMMA = YES;
				CLANG_WARN_CONSTANT_CONVERSION = YES;
				CLANG_WARN_DIRECT_OBJC_ISA_USAGE = YES_ERROR;
				CLANG_WARN_DOCUMENTATION_COMMENTS = YES;
				CLANG_WARN_EMPTY_BODY = YES;
				CLANG_WARN_ENUM_CONVERSION = YES;
				CLANG_WARN_INFINITE_RECURSION = YES;
				CLANG_WARN_INT_CONVERSION = YES;
				CLANG_WARN_NON_LITERAL_NULL_CONVERSION = YES;
				CLANG_WARN_OBJC_LITERAL_CONVERSION = YES;
				CLANG_WARN_OBJC_ROOT_CLASS = YES_ERROR;
				CLANG_WARN_RANGE_LOOP_ANALYSIS = YES;
				CLANG_WARN_STRICT_PROTOTYPES = YES;
				CLANG_WARN_SUSPICIOUS_MOVE = YES;
				CLANG_WARN_UNGUARDED_AVAILABILITY = YES_AGGRESSIVE;
				CLANG_WARN_UNREACHABLE_CODE = YES;
				CLANG_WARN__DUPLICATE_METHOD_MATCH = YES;
				CODE_SIGN_IDENTITY = "iPhone Developer";
				COPY_PHASE_STRIP = NO;
				DEBUG_INFORMATION_FORMAT = "dwarf-with-dsym";
				ENABLE_NS_ASSERTIONS = NO;
				ENABLE_STRICT_OBJC_MSGSEND = YES;
				GCC_C_LANGUAGE_STANDARD = gnu11;
				GCC_NO_COMMON_BLOCKS = YES;
				GCC_WARN_64_TO_32_BIT_CONVERSION = YES;
				GCC_WARN_ABOUT_RETURN_TYPE = YES_ERROR;
				GCC_WARN_UNDECLARED_SELECTOR = YES;
				GCC_WARN_UNINITIALIZED_AUTOS = YES_AGGRESSIVE;
				GCC_WARN_UNUSED_FUNCTION = YES;
				GCC_WARN_UNUSED_VARIABLE = YES;
				IPHONEOS_DEPLOYMENT_TARGET = 11.2;
				MTL_ENABLE_DEBUG_INFO = NO;
				SDKROOT = iphoneos;
				SWIFT_OPTIMIZATION_LEVEL = "-Owholemodule";
				VALIDATE_PRODUCT = YES;
			};
			name = Release;
		};
		4D75A4F92018352600775C60 /* Debug */ = {
			isa = XCBuildConfiguration;
			buildSettings = {
				ALWAYS_EMBED_SWIFT_STANDARD_LIBRARIES = YES;
				ASSETCATALOG_COMPILER_APPICON_NAME = AppIcon;
				CODE_SIGN_STYLE = Automatic;
				DEVELOPMENT_TEAM = 4D95EGYA4V;
				INFOPLIST_FILE = ZVActivityIndicatorViewExample/Info.plist;
				IPHONEOS_DEPLOYMENT_TARGET = 9.0;
				LD_RUNPATH_SEARCH_PATHS = "$(inherited) @executable_path/Frameworks";
				PRODUCT_BUNDLE_IDENTIFIER = com.zevwings.ZVActivityIndicatorViewExample;
				PRODUCT_NAME = "$(TARGET_NAME)";
				SWIFT_VERSION = 4.0;
				TARGETED_DEVICE_FAMILY = "1,2";
			};
			name = Debug;
		};
		4D75A4FA2018352600775C60 /* Release */ = {
			isa = XCBuildConfiguration;
			buildSettings = {
				ALWAYS_EMBED_SWIFT_STANDARD_LIBRARIES = YES;
				ASSETCATALOG_COMPILER_APPICON_NAME = AppIcon;
				CODE_SIGN_STYLE = Automatic;
				DEVELOPMENT_TEAM = 4D95EGYA4V;
				INFOPLIST_FILE = ZVActivityIndicatorViewExample/Info.plist;
				IPHONEOS_DEPLOYMENT_TARGET = 9.0;
				LD_RUNPATH_SEARCH_PATHS = "$(inherited) @executable_path/Frameworks";
				PRODUCT_BUNDLE_IDENTIFIER = com.zevwings.ZVActivityIndicatorViewExample;
				PRODUCT_NAME = "$(TARGET_NAME)";
				SWIFT_VERSION = 4.0;
				TARGETED_DEVICE_FAMILY = "1,2";
			};
			name = Release;
		};
		4D75A4FC2018352600775C60 /* Debug */ = {
			isa = XCBuildConfiguration;
			buildSettings = {
				ALWAYS_EMBED_SWIFT_STANDARD_LIBRARIES = YES;
				CODE_SIGN_STYLE = Automatic;
				DEVELOPMENT_TEAM = 4D95EGYA4V;
				INFOPLIST_FILE = ZVActivityIndicatorViewExampleUITests/Info.plist;
				LD_RUNPATH_SEARCH_PATHS = "$(inherited) @executable_path/Frameworks @loader_path/Frameworks";
				PRODUCT_BUNDLE_IDENTIFIER = com.zevwings.ZVActivityIndicatorViewExampleUITests;
				PRODUCT_NAME = "$(TARGET_NAME)";
				SWIFT_VERSION = 4.0;
				TARGETED_DEVICE_FAMILY = "1,2";
				TEST_TARGET_NAME = ZVActivityIndicatorViewExample;
			};
			name = Debug;
		};
		4D75A4FD2018352600775C60 /* Release */ = {
			isa = XCBuildConfiguration;
			buildSettings = {
				ALWAYS_EMBED_SWIFT_STANDARD_LIBRARIES = YES;
				CODE_SIGN_STYLE = Automatic;
				DEVELOPMENT_TEAM = 4D95EGYA4V;
				INFOPLIST_FILE = ZVActivityIndicatorViewExampleUITests/Info.plist;
				LD_RUNPATH_SEARCH_PATHS = "$(inherited) @executable_path/Frameworks @loader_path/Frameworks";
				PRODUCT_BUNDLE_IDENTIFIER = com.zevwings.ZVActivityIndicatorViewExampleUITests;
				PRODUCT_NAME = "$(TARGET_NAME)";
				SWIFT_VERSION = 4.0;
				TARGETED_DEVICE_FAMILY = "1,2";
				TEST_TARGET_NAME = ZVActivityIndicatorViewExample;
			};
			name = Release;
		};
/* End XCBuildConfiguration section */

/* Begin XCConfigurationList section */
		4D75A4D62018352600775C60 /* Build configuration list for PBXProject "ZVActivityIndicatorViewExample" */ = {
			isa = XCConfigurationList;
			buildConfigurations = (
				4D75A4F62018352600775C60 /* Debug */,
				4D75A4F72018352600775C60 /* Release */,
			);
			defaultConfigurationIsVisible = 0;
			defaultConfigurationName = Release;
		};
		4D75A4F82018352600775C60 /* Build configuration list for PBXNativeTarget "ZVActivityIndicatorViewExample" */ = {
			isa = XCConfigurationList;
			buildConfigurations = (
				4D75A4F92018352600775C60 /* Debug */,
				4D75A4FA2018352600775C60 /* Release */,
			);
			defaultConfigurationIsVisible = 0;
			defaultConfigurationName = Release;
		};
		4D75A4FB2018352600775C60 /* Build configuration list for PBXNativeTarget "ZVActivityIndicatorViewExampleUITests" */ = {
			isa = XCConfigurationList;
			buildConfigurations = (
				4D75A4FC2018352600775C60 /* Debug */,
				4D75A4FD2018352600775C60 /* Release */,
			);
			defaultConfigurationIsVisible = 0;
			defaultConfigurationName = Release;
		};
/* End XCConfigurationList section */
	};
	rootObject = 4D75A4D32018352600775C60 /* Project object */;
}
